
Microsoft Visual Studio Solution File, Format Version 12.00
# Visual Studio Version 16
VisualStudioVersion = 16.0.30907.101
MinimumVisualStudioVersion = 10.0.40219.1
Project("{8BC9CEB8-8B4A-11D0-8D11-00A0C91BC942}") = "Milestone 3", "Milestone 3\Milestone 3.vcxproj", "{AFBC63D3-C713-49AA-A89D-A2DA0CEFC00B}"
EndProject
Global
	GlobalSection(SolutionConfigurationPlatforms) = preSolution
		Debug|x64 = Debug|x64
		Debug|x86 = Debug|x86
		Release|x64 = Release|x64
		Release|x86 = Release|x86
	EndGlobalSection
	GlobalSection(ProjectConfigurationPlatforms) = postSolution
		{AFBC63D3-C713-49AA-A89D-A2DA0CEFC00B}.Debug|x64.ActiveCfg = Debug|x64
		{AFBC63D3-C713-49AA-A89D-A2DA0CEFC00B}.Debug|x64.Build.0 = Debug|x64
		{AFBC63D3-C713-49AA-A89D-A2DA0CEFC00B}.Debug|x86.ActiveCfg = Debug|Win32
		{AFBC63D3-C713-49AA-A89D-A2DA0CEFC00B}.Debug|x86.Build.0 = Debug|Win32
		{AFBC63D3-C713-49AA-A89D-A2DA0CEFC00B}.Release|x64.ActiveCfg = Release|x64
		{AFBC63D3-C713-49AA-A89D-A2DA0CEFC00B}.Release|x64.Build.0 = Release|x64
		{AFBC63D3-C713-49AA-A89D-A2DA0CEFC00B}.Release|x86.ActiveCfg = Release|Win32
		{AFBC63D3-C713-49AA-A89D-A2DA0CEFC00B}.Release|x86.Build.0 = Release|Win32
	EndGlobalSection
	GlobalSection(SolutionProperties) = preSolution
		HideSolutionNode = FALSE
	EndGlobalSection
	GlobalSection(ExtensibilityGlobals) = postSolution
		SolutionGuid = {383C7163-C879-47A3-84E4-4DC396C9AA41}
	EndGlobalSection
EndGlobal
